
Microsoft Visual Studio Solution File, Format Version 12.00
# Visual Studio Version 17
VisualStudioVersion = 17.0.31903.59
MinimumVisualStudioVersion = 10.0.40219.1
Project("{FAE04EC0-301F-11D3-BF4B-00C04F79EFBC}") = "OfferInventory.API", "OfferInventory.API\OfferInventory.API.csproj", "{44426BD9-A585-4E3E-B8A5-9A1C23A61990}"
EndProject
Project("{FAE04EC0-301F-11D3-BF4B-00C04F79EFBC}") = "OfferInventory.Application", "OfferInventory.Application\OfferInventory.Application.csproj", "{33F84323-5FA6-4EA0-8F63-0E1F32E5E6BB}"
EndProject
Project("{FAE04EC0-301F-11D3-BF4B-00C04F79EFBC}") = "OfferInventory.Domain", "OfferInventory.Domain\OfferInventory.Domain.csproj", "{45FF53CF-F87E-4803-BD0A-AC11B7073AD3}"
EndProject
Project("{FAE04EC0-301F-11D3-BF4B-00C04F79EFBC}") = "OfferInventory.Infrastructure", "OfferInventory.Infrastructure\OfferInventory.Infrastructure.csproj", "{645065F2-1251-4487-B223-061FFF8CDB6B}"
EndProject
Project("{FAE04EC0-301F-11D3-BF4B-00C04F79EFBC}") = "Search.API", "Search.API\Search.API.csproj", "{2709817B-FAF3-49EB-8C2D-BFB9CFCD3F53}"
EndProject
Project("{FAE04EC0-301F-11D3-BF4B-00C04F79EFBC}") = "Availability.API", "Availability.API\Availability.API.csproj", "{2CC36391-B12C-4C07-B3F1-27BCF66275E6}"
EndProject
Project("{FAE04EC0-301F-11D3-BF4B-00C04F79EFBC}") = "Availability.Application", "Availability.Application\Availability.Application.csproj", "{CAA05B2C-B2D0-4C30-82CD-7E71EF50C921}"
EndProject
Project("{FAE04EC0-301F-11D3-BF4B-00C04F79EFBC}") = "Availability.Domain", "Availability.Domain\Availability.Domain.csproj", "{CFD99FC8-D8AA-4D43-A2A0-B10EDF6F84CE}"
EndProject
Project("{FAE04EC0-301F-11D3-BF4B-00C04F79EFBC}") = "Availability.Infrastructure", "Availability.Infrastructure\Availability.Infrastructure.csproj", "{658453EC-2735-426C-8E3D-F1029CD6DE42}"
EndProject
Project("{FAE04EC0-301F-11D3-BF4B-00C04F79EFBC}") = "Booking.API", "Booking.API\Booking.API.csproj", "{89914BFC-3397-4BB2-92B1-829624FD13E7}"
EndProject
Project("{FAE04EC0-301F-11D3-BF4B-00C04F79EFBC}") = "Booking.Application", "Booking.Application\Booking.Application.csproj", "{7011A98A-07CA-4817-AC3C-34766A8FBA1E}"
EndProject
Project("{FAE04EC0-301F-11D3-BF4B-00C04F79EFBC}") = "Booking.Domain", "Booking.Domain\Booking.Domain.csproj", "{23FD0766-E921-46B1-B3F7-709F4E2148C8}"
EndProject
Project("{FAE04EC0-301F-11D3-BF4B-00C04F79EFBC}") = "Booking.Infrastructure", "Booking.Infrastructure\Booking.Infrastructure.csproj", "{D71D9EAC-CB8A-4799-B3BE-A7ABFD1AF898}"
EndProject
Project("{FAE04EC0-301F-11D3-BF4B-00C04F79EFBC}") = "Payment.API", "Payment.API\Payment.API.csproj", "{A31C10A3-C41A-42D8-BC7A-E65E223ECFBA}"
EndProject
Project("{FAE04EC0-301F-11D3-BF4B-00C04F79EFBC}") = "Payment.Application", "Payment.Application\Payment.Application.csproj", "{0BF4066A-FCC9-4A24-B298-06642D9C4C96}"
EndProject
Project("{FAE04EC0-301F-11D3-BF4B-00C04F79EFBC}") = "Payment.Domain", "Payment.Domain\Payment.Domain.csproj", "{F0DD6EEB-C885-4803-8582-8A7EE9ADDCA2}"
EndProject
Project("{FAE04EC0-301F-11D3-BF4B-00C04F79EFBC}") = "Payment.Infrastructure", "Payment.Infrastructure\Payment.Infrastructure.csproj", "{B248F9DB-57B0-46B1-A64E-80D6DD9EBB60}"
EndProject
Project("{FAE04EC0-301F-11D3-BF4B-00C04F79EFBC}") = "Gateway.API", "Gateway.API\Gateway.API.csproj", "{94A6AB88-0754-47E7-9063-55BC5C315380}"
EndProject
Project("{FAE04EC0-301F-11D3-BF4B-00C04F79EFBC}") = "User.API", "User.API\User.API.csproj", "{B6971D33-AEE0-4C80-9055-56B1738F17CB}"
EndProject
Project("{FAE04EC0-301F-11D3-BF4B-00C04F79EFBC}") = "Project_HADS.Tests", "Project_HADS.Tests\Project_HADS.Tests.csproj", "{89E31E41-ED13-4009-A973-9DC925AD7728}"
EndProject
Global
	GlobalSection(SolutionConfigurationPlatforms) = preSolution
		Debug|Any CPU = Debug|Any CPU
		Release|Any CPU = Release|Any CPU
	EndGlobalSection
	GlobalSection(SolutionProperties) = preSolution
		HideSolutionNode = FALSE
	EndGlobalSection
	GlobalSection(ProjectConfigurationPlatforms) = postSolution
		{44426BD9-A585-4E3E-B8A5-9A1C23A61990}.Debug|Any CPU.ActiveCfg = Debug|Any CPU
		{44426BD9-A585-4E3E-B8A5-9A1C23A61990}.Debug|Any CPU.Build.0 = Debug|Any CPU
		{44426BD9-A585-4E3E-B8A5-9A1C23A61990}.Release|Any CPU.ActiveCfg = Release|Any CPU
		{44426BD9-A585-4E3E-B8A5-9A1C23A61990}.Release|Any CPU.Build.0 = Release|Any CPU
		{33F84323-5FA6-4EA0-8F63-0E1F32E5E6BB}.Debug|Any CPU.ActiveCfg = Debug|Any CPU
		{33F84323-5FA6-4EA0-8F63-0E1F32E5E6BB}.Debug|Any CPU.Build.0 = Debug|Any CPU
		{33F84323-5FA6-4EA0-8F63-0E1F32E5E6BB}.Release|Any CPU.ActiveCfg = Release|Any CPU
		{33F84323-5FA6-4EA0-8F63-0E1F32E5E6BB}.Release|Any CPU.Build.0 = Release|Any CPU
		{45FF53CF-F87E-4803-BD0A-AC11B7073AD3}.Debug|Any CPU.ActiveCfg = Debug|Any CPU
		{45FF53CF-F87E-4803-BD0A-AC11B7073AD3}.Debug|Any CPU.Build.0 = Debug|Any CPU
		{45FF53CF-F87E-4803-BD0A-AC11B7073AD3}.Release|Any CPU.ActiveCfg = Release|Any CPU
		{45FF53CF-F87E-4803-BD0A-AC11B7073AD3}.Release|Any CPU.Build.0 = Release|Any CPU
		{645065F2-1251-4487-B223-061FFF8CDB6B}.Debug|Any CPU.ActiveCfg = Debug|Any CPU
		{645065F2-1251-4487-B223-061FFF8CDB6B}.Debug|Any CPU.Build.0 = Debug|Any CPU
		{645065F2-1251-4487-B223-061FFF8CDB6B}.Release|Any CPU.ActiveCfg = Release|Any CPU
		{645065F2-1251-4487-B223-061FFF8CDB6B}.Release|Any CPU.Build.0 = Release|Any CPU
		{2709817B-FAF3-49EB-8C2D-BFB9CFCD3F53}.Debug|Any CPU.ActiveCfg = Debug|Any CPU
		{2709817B-FAF3-49EB-8C2D-BFB9CFCD3F53}.Debug|Any CPU.Build.0 = Debug|Any CPU
		{2709817B-FAF3-49EB-8C2D-BFB9CFCD3F53}.Release|Any CPU.ActiveCfg = Release|Any CPU
		{2709817B-FAF3-49EB-8C2D-BFB9CFCD3F53}.Release|Any CPU.Build.0 = Release|Any CPU
		{2CC36391-B12C-4C07-B3F1-27BCF66275E6}.Debug|Any CPU.ActiveCfg = Debug|Any CPU
		{2CC36391-B12C-4C07-B3F1-27BCF66275E6}.Debug|Any CPU.Build.0 = Debug|Any CPU
		{2CC36391-B12C-4C07-B3F1-27BCF66275E6}.Release|Any CPU.ActiveCfg = Release|Any CPU
		{2CC36391-B12C-4C07-B3F1-27BCF66275E6}.Release|Any CPU.Build.0 = Release|Any CPU
		{CAA05B2C-B2D0-4C30-82CD-7E71EF50C921}.Debug|Any CPU.ActiveCfg = Debug|Any CPU
		{CAA05B2C-B2D0-4C30-82CD-7E71EF50C921}.Debug|Any CPU.Build.0 = Debug|Any CPU
		{CAA05B2C-B2D0-4C30-82CD-7E71EF50C921}.Release|Any CPU.ActiveCfg = Release|Any CPU
		{CAA05B2C-B2D0-4C30-82CD-7E71EF50C921}.Release|Any CPU.Build.0 = Release|Any CPU
		{CFD99FC8-D8AA-4D43-A2A0-B10EDF6F84CE}.Debug|Any CPU.ActiveCfg = Debug|Any CPU
		{CFD99FC8-D8AA-4D43-A2A0-B10EDF6F84CE}.Debug|Any CPU.Build.0 = Debug|Any CPU
		{CFD99FC8-D8AA-4D43-A2A0-B10EDF6F84CE}.Release|Any CPU.ActiveCfg = Release|Any CPU
		{CFD99FC8-D8AA-4D43-A2A0-B10EDF6F84CE}.Release|Any CPU.Build.0 = Release|Any CPU
		{658453EC-2735-426C-8E3D-F1029CD6DE42}.Debug|Any CPU.ActiveCfg = Debug|Any CPU
		{658453EC-2735-426C-8E3D-F1029CD6DE42}.Debug|Any CPU.Build.0 = Debug|Any CPU
		{658453EC-2735-426C-8E3D-F1029CD6DE42}.Release|Any CPU.ActiveCfg = Release|Any CPU
		{658453EC-2735-426C-8E3D-F1029CD6DE42}.Release|Any CPU.Build.0 = Release|Any CPU
		{89914BFC-3397-4BB2-92B1-829624FD13E7}.Debug|Any CPU.ActiveCfg = Debug|Any CPU
		{89914BFC-3397-4BB2-92B1-829624FD13E7}.Debug|Any CPU.Build.0 = Debug|Any CPU
		{89914BFC-3397-4BB2-92B1-829624FD13E7}.Release|Any CPU.ActiveCfg = Release|Any CPU
		{89914BFC-3397-4BB2-92B1-829624FD13E7}.Release|Any CPU.Build.0 = Release|Any CPU
		{7011A98A-07CA-4817-AC3C-34766A8FBA1E}.Debug|Any CPU.ActiveCfg = Debug|Any CPU
		{7011A98A-07CA-4817-AC3C-34766A8FBA1E}.Debug|Any CPU.Build.0 = Debug|Any CPU
		{7011A98A-07CA-4817-AC3C-34766A8FBA1E}.Release|Any CPU.ActiveCfg = Release|Any CPU
		{7011A98A-07CA-4817-AC3C-34766A8FBA1E}.Release|Any CPU.Build.0 = Release|Any CPU
		{23FD0766-E921-46B1-B3F7-709F4E2148C8}.Debug|Any CPU.ActiveCfg = Debug|Any CPU
		{23FD0766-E921-46B1-B3F7-709F4E2148C8}.Debug|Any CPU.Build.0 = Debug|Any CPU
		{23FD0766-E921-46B1-B3F7-709F4E2148C8}.Release|Any CPU.ActiveCfg = Release|Any CPU
		{23FD0766-E921-46B1-B3F7-709F4E2148C8}.Release|Any CPU.Build.0 = Release|Any CPU
		{D71D9EAC-CB8A-4799-B3BE-A7ABFD1AF898}.Debug|Any CPU.ActiveCfg = Debug|Any CPU
		{D71D9EAC-CB8A-4799-B3BE-A7ABFD1AF898}.Debug|Any CPU.Build.0 = Debug|Any CPU
		{D71D9EAC-CB8A-4799-B3BE-A7ABFD1AF898}.Release|Any CPU.ActiveCfg = Release|Any CPU
		{D71D9EAC-CB8A-4799-B3BE-A7ABFD1AF898}.Release|Any CPU.Build.0 = Release|Any CPU
		{A31C10A3-C41A-42D8-BC7A-E65E223ECFBA}.Debug|Any CPU.ActiveCfg = Debug|Any CPU
		{A31C10A3-C41A-42D8-BC7A-E65E223ECFBA}.Debug|Any CPU.Build.0 = Debug|Any CPU
		{A31C10A3-C41A-42D8-BC7A-E65E223ECFBA}.Release|Any CPU.ActiveCfg = Release|Any CPU
		{A31C10A3-C41A-42D8-BC7A-E65E223ECFBA}.Release|Any CPU.Build.0 = Release|Any CPU
		{0BF4066A-FCC9-4A24-B298-06642D9C4C96}.Debug|Any CPU.ActiveCfg = Debug|Any CPU
		{0BF4066A-FCC9-4A24-B298-06642D9C4C96}.Debug|Any CPU.Build.0 = Debug|Any CPU
		{0BF4066A-FCC9-4A24-B298-06642D9C4C96}.Release|Any CPU.ActiveCfg = Release|Any CPU
		{0BF4066A-FCC9-4A24-B298-06642D9C4C96}.Release|Any CPU.Build.0 = Release|Any CPU
		{F0DD6EEB-C885-4803-8582-8A7EE9ADDCA2}.Debug|Any CPU.ActiveCfg = Debug|Any CPU
		{F0DD6EEB-C885-4803-8582-8A7EE9ADDCA2}.Debug|Any CPU.Build.0 = Debug|Any CPU
		{F0DD6EEB-C885-4803-8582-8A7EE9ADDCA2}.Release|Any CPU.ActiveCfg = Release|Any CPU
		{F0DD6EEB-C885-4803-8582-8A7EE9ADDCA2}.Release|Any CPU.Build.0 = Release|Any CPU
		{B248F9DB-57B0-46B1-A64E-80D6DD9EBB60}.Debug|Any CPU.ActiveCfg = Debug|Any CPU
		{B248F9DB-57B0-46B1-A64E-80D6DD9EBB60}.Debug|Any CPU.Build.0 = Debug|Any CPU
		{B248F9DB-57B0-46B1-A64E-80D6DD9EBB60}.Release|Any CPU.ActiveCfg = Release|Any CPU
		{B248F9DB-57B0-46B1-A64E-80D6DD9EBB60}.Release|Any CPU.Build.0 = Release|Any CPU
		{94A6AB88-0754-47E7-9063-55BC5C315380}.Debug|Any CPU.ActiveCfg = Debug|Any CPU
		{94A6AB88-0754-47E7-9063-55BC5C315380}.Debug|Any CPU.Build.0 = Debug|Any CPU
		{94A6AB88-0754-47E7-9063-55BC5C315380}.Release|Any CPU.ActiveCfg = Release|Any CPU
		{94A6AB88-0754-47E7-9063-55BC5C315380}.Release|Any CPU.Build.0 = Release|Any CPU
		{B6971D33-AEE0-4C80-9055-56B1738F17CB}.Debug|Any CPU.ActiveCfg = Debug|Any CPU
		{B6971D33-AEE0-4C80-9055-56B1738F17CB}.Debug|Any CPU.Build.0 = Debug|Any CPU
		{B6971D33-AEE0-4C80-9055-56B1738F17CB}.Release|Any CPU.ActiveCfg = Release|Any CPU
		{B6971D33-AEE0-4C80-9055-56B1738F17CB}.Release|Any CPU.Build.0 = Release|Any CPU
		{89E31E41-ED13-4009-A973-9DC925AD7728}.Debug|Any CPU.ActiveCfg = Debug|Any CPU
		{89E31E41-ED13-4009-A973-9DC925AD7728}.Debug|Any CPU.Build.0 = Debug|Any CPU
		{89E31E41-ED13-4009-A973-9DC925AD7728}.Release|Any CPU.ActiveCfg = Release|Any CPU
		{89E31E41-ED13-4009-A973-9DC925AD7728}.Release|Any CPU.Build.0 = Release|Any CPU
	EndGlobalSection
EndGlobal
